
Microsoft Visual Studio Solution File, Format Version 11.00
# Visual Studio 2010
Project("{FAE04EC0-301F-11D3-BF4B-00C04F79EFBC}") = "Assembly-CSharp-firstpass", "Assembly-CSharp-firstpass.csproj", "{E3962C2B-B120-2403-E3CD-4A9ECFD3B345}"
EndProject
Project("{FAE04EC0-301F-11D3-BF4B-00C04F79EFBC}") = "BezierSolution.Runtime", "BezierSolution.Runtime.csproj", "{9A7DA6F7-24A1-9A7E-AB4E-8C94E75B429B}"
EndProject
Project("{FAE04EC0-301F-11D3-BF4B-00C04F79EFBC}") = "Assembly-CSharp", "Assembly-CSharp.csproj", "{831A03EF-CBD6-34C6-FD20-01AD3DD083FC}"
EndProject
Project("{FAE04EC0-301F-11D3-BF4B-00C04F79EFBC}") = "BezierSolution.Editor", "BezierSolution.Editor.csproj", "{BED6F922-A4B5-EDBF-305E-D8E28B12CDF0}"
EndProject
Project("{FAE04EC0-301F-11D3-BF4B-00C04F79EFBC}") = "Assembly-CSharp-Editor-firstpass", "Assembly-CSharp-Editor-firstpass.csproj", "{C59D38E1-14F9-2DBD-C2DA-7FD119AC030C}"
EndProject
Global
	GlobalSection(SolutionConfigurationPlatforms) = preSolution
		Debug|Any CPU = Debug|Any CPU
		Release|Any CPU = Release|Any CPU
	EndGlobalSection
	GlobalSection(ProjectConfigurationPlatforms) = postSolution
		{E3962C2B-B120-2403-E3CD-4A9ECFD3B345}.Debug|Any CPU.ActiveCfg = Debug|Any CPU
		{E3962C2B-B120-2403-E3CD-4A9ECFD3B345}.Debug|Any CPU.Build.0 = Debug|Any CPU
		{E3962C2B-B120-2403-E3CD-4A9ECFD3B345}.Release|Any CPU.ActiveCfg = Release|Any CPU
		{E3962C2B-B120-2403-E3CD-4A9ECFD3B345}.Release|Any CPU.Build.0 = Release|Any CPU
		{9A7DA6F7-24A1-9A7E-AB4E-8C94E75B429B}.Debug|Any CPU.ActiveCfg = Debug|Any CPU
		{9A7DA6F7-24A1-9A7E-AB4E-8C94E75B429B}.Debug|Any CPU.Build.0 = Debug|Any CPU
		{9A7DA6F7-24A1-9A7E-AB4E-8C94E75B429B}.Release|Any CPU.ActiveCfg = Release|Any CPU
		{9A7DA6F7-24A1-9A7E-AB4E-8C94E75B429B}.Release|Any CPU.Build.0 = Release|Any CPU
		{831A03EF-CBD6-34C6-FD20-01AD3DD083FC}.Debug|Any CPU.ActiveCfg = Debug|Any CPU
		{831A03EF-CBD6-34C6-FD20-01AD3DD083FC}.Debug|Any CPU.Build.0 = Debug|Any CPU
		{831A03EF-CBD6-34C6-FD20-01AD3DD083FC}.Release|Any CPU.ActiveCfg = Release|Any CPU
		{831A03EF-CBD6-34C6-FD20-01AD3DD083FC}.Release|Any CPU.Build.0 = Release|Any CPU
		{BED6F922-A4B5-EDBF-305E-D8E28B12CDF0}.Debug|Any CPU.ActiveCfg = Debug|Any CPU
		{BED6F922-A4B5-EDBF-305E-D8E28B12CDF0}.Debug|Any CPU.Build.0 = Debug|Any CPU
		{BED6F922-A4B5-EDBF-305E-D8E28B12CDF0}.Release|Any CPU.ActiveCfg = Release|Any CPU
		{BED6F922-A4B5-EDBF-305E-D8E28B12CDF0}.Release|Any CPU.Build.0 = Release|Any CPU
		{C59D38E1-14F9-2DBD-C2DA-7FD119AC030C}.Debug|Any CPU.ActiveCfg = Debug|Any CPU
		{C59D38E1-14F9-2DBD-C2DA-7FD119AC030C}.Debug|Any CPU.Build.0 = Debug|Any CPU
		{C59D38E1-14F9-2DBD-C2DA-7FD119AC030C}.Release|Any CPU.ActiveCfg = Release|Any CPU
		{C59D38E1-14F9-2DBD-C2DA-7FD119AC030C}.Release|Any CPU.Build.0 = Release|Any CPU
	EndGlobalSection
	GlobalSection(SolutionProperties) = preSolution
		HideSolutionNode = FALSE
	EndGlobalSection
EndGlobal
